
Microsoft Visual Studio Solution File, Format Version 12.00
# Visual Studio Version 16
VisualStudioVersion = 16.0.30523.141
MinimumVisualStudioVersion = 10.0.40219.1
Project("{FAE04EC0-301F-11D3-BF4B-00C04F79EFBC}") = "TestASP", "TestASP.csproj", "{27ED87D4-31F6-4BCB-AD44-2C10729E547E}"
EndProject
Project("{FAE04EC0-301F-11D3-BF4B-00C04F79EFBC}") = "StateLess001", "..\StateLess001\StateLess001.csproj", "{5C03946E-011D-42A7-BB89-26594DFD19DE}"
EndProject
Project("{FAE04EC0-301F-11D3-BF4B-00C04F79EFBC}") = "AplicacioneSesion002", "..\AplicacioneSesion002\AplicacioneSesion002.csproj", "{2A89211C-41E9-4A5F-8AAE-51D1194EFA6C}"
EndProject
Global
	GlobalSection(SolutionConfigurationPlatforms) = preSolution
		Debug|Any CPU = Debug|Any CPU
		Release|Any CPU = Release|Any CPU
	EndGlobalSection
	GlobalSection(ProjectConfigurationPlatforms) = postSolution
		{27ED87D4-31F6-4BCB-AD44-2C10729E547E}.Debug|Any CPU.ActiveCfg = Debug|Any CPU
		{27ED87D4-31F6-4BCB-AD44-2C10729E547E}.Debug|Any CPU.Build.0 = Debug|Any CPU
		{27ED87D4-31F6-4BCB-AD44-2C10729E547E}.Release|Any CPU.ActiveCfg = Release|Any CPU
		{27ED87D4-31F6-4BCB-AD44-2C10729E547E}.Release|Any CPU.Build.0 = Release|Any CPU
		{5C03946E-011D-42A7-BB89-26594DFD19DE}.Debug|Any CPU.ActiveCfg = Debug|Any CPU
		{5C03946E-011D-42A7-BB89-26594DFD19DE}.Debug|Any CPU.Build.0 = Debug|Any CPU
		{5C03946E-011D-42A7-BB89-26594DFD19DE}.Release|Any CPU.ActiveCfg = Release|Any CPU
		{5C03946E-011D-42A7-BB89-26594DFD19DE}.Release|Any CPU.Build.0 = Release|Any CPU
		{2A89211C-41E9-4A5F-8AAE-51D1194EFA6C}.Debug|Any CPU.ActiveCfg = Debug|Any CPU
		{2A89211C-41E9-4A5F-8AAE-51D1194EFA6C}.Debug|Any CPU.Build.0 = Debug|Any CPU
		{2A89211C-41E9-4A5F-8AAE-51D1194EFA6C}.Release|Any CPU.ActiveCfg = Release|Any CPU
		{2A89211C-41E9-4A5F-8AAE-51D1194EFA6C}.Release|Any CPU.Build.0 = Release|Any CPU
	EndGlobalSection
	GlobalSection(SolutionProperties) = preSolution
		HideSolutionNode = FALSE
	EndGlobalSection
	GlobalSection(ExtensibilityGlobals) = postSolution
		SolutionGuid = {3105D959-5464-415E-9B81-3D5BE08281D4}
	EndGlobalSection
EndGlobal
